
Microsoft Visual Studio Solution File, Format Version 12.00
# Visual Studio Version 16
VisualStudioVersion = 16.0.31005.135
MinimumVisualStudioVersion = 10.0.40219.1
Project("{FAE04EC0-301F-11D3-BF4B-00C04F79EFBC}") = "Airline", "Airline.csproj", "{99FC21C1-5BE6-4604-A176-81012350325D}"
EndProject
Global
	GlobalSection(SolutionConfigurationPlatforms) = preSolution
		Debug|Any CPU = Debug|Any CPU
		Release|Any CPU = Release|Any CPU
	EndGlobalSection
	GlobalSection(ProjectConfigurationPlatforms) = postSolution
		{99FC21C1-5BE6-4604-A176-81012350325D}.Debug|Any CPU.ActiveCfg = Debug|Any CPU
		{99FC21C1-5BE6-4604-A176-81012350325D}.Debug|Any CPU.Build.0 = Debug|Any CPU
		{99FC21C1-5BE6-4604-A176-81012350325D}.Release|Any CPU.ActiveCfg = Release|Any CPU
		{99FC21C1-5BE6-4604-A176-81012350325D}.Release|Any CPU.Build.0 = Release|Any CPU
	EndGlobalSection
	GlobalSection(SolutionProperties) = preSolution
		HideSolutionNode = FALSE
	EndGlobalSection
	GlobalSection(ExtensibilityGlobals) = postSolution
		SolutionGuid = {869CEB17-DB96-4BB3-953D-89D3A5062324}
	EndGlobalSection
EndGlobal
